// !$*UTF8*$!
{
	archiveVersion = 1;
	classes = {
	};
	objectVersion = 46;
	objects = {

/* Begin PBXBuildFile section */
		1612F4A616DC7C5C00AB6719 /* main.cpp in Sources */ = {isa = PBXBuildFile; fileRef = 1612F4A516DC7C5C00AB6719 /* main.cpp */; };
		1612F4A816DC7C5C00AB6719 /* intAverage_Cplus.1 in CopyFiles */ = {isa = PBXBuildFile; fileRef = 1612F4A716DC7C5C00AB6719 /* intAverage_Cplus.1 */; };
/* End PBXBuildFile section */

/* Begin PBXCopyFilesBuildPhase section */
		1612F4A016DC7C5C00AB6719 /* CopyFiles */ = {
			isa = PBXCopyFilesBuildPhase;
			buildActionMask = 2147483647;
			dstPath = /usr/share/man/man1/;
			dstSubfolderSpec = 0;
			files = (
				1612F4A816DC7C5C00AB6719 /* intAverage_Cplus.1 in CopyFiles */,
			);
			runOnlyForDeploymentPostprocessing = 1;
		};
/* End PBXCopyFilesBuildPhase section */

/* Begin PBXFileReference section */
		1612F4A216DC7C5C00AB6719 /* intAverage_Cplus */ = {isa = PBXFileReference; explicitFileType = "compiled.mach-o.executable"; includeInIndex = 0; path = intAverage_Cplus; sourceTree = BUILT_PRODUCTS_DIR; };
		1612F4A516DC7C5C00AB6719 /* main.cpp */ = {isa = PBXFileReference; lastKnownFileType = sourcecode.cpp.cpp; path = main.cpp; sourceTree = "<group>"; };
		1612F4A716DC7C5C00AB6719 /* intAverage_Cplus.1 */ = {isa = PBXFileReference; lastKnownFileType = text.man; path = intAverage_Cplus.1; sourceTree = "<group>"; };
/* End PBXFileReference section */

/* Begin PBXFrameworksBuildPhase section */
		1612F49F16DC7C5C00AB6719 /* Frameworks */ = {
			isa = PBXFrameworksBuildPhase;
			buildActionMask = 2147483647;
			files = (
			);
			runOnlyForDeploymentPostprocessing = 0;
		};
/* End PBXFrameworksBuildPhase section */

/* Begin PBXGroup section */
		1612F49916DC7C5C00AB6719 = {
			isa = PBXGroup;
			children = (
				1612F4A416DC7C5C00AB6719 /* intAverage_Cplus */,
				1612F4A316DC7C5C00AB6719 /* Products */,
			);
			sourceTree = "<group>";
		};
		1612F4A316DC7C5C00AB6719 /* Products */ = {
			isa = PBXGroup;
			children = (
				1612F4A216DC7C5C00AB6719 /* intAverage_Cplus */,
			);
			name = Products;
			sourceTree = "<group>";
		};
		1612F4A416DC7C5C00AB6719 /* intAverage_Cplus */ = {
			isa = PBXGroup;
			children = (
				1612F4A516DC7C5C00AB6719 /* main.cpp */,
				1612F4A716DC7C5C00AB6719 /* intAverage_Cplus.1 */,
			);
			path = intAverage_Cplus;
			sourceTree = "<group>";
		};
/* End PBXGroup section */

/* Begin PBXNativeTarget section */
		1612F4A116DC7C5C00AB6719 /* intAverage_Cplus */ = {
			isa = PBXNativeTarget;
			buildConfigurationList = 1612F4AB16DC7C5C00AB6719 /* Build configuration list for PBXNativeTarget "intAverage_Cplus" */;
			buildPhases = (
				1612F49E16DC7C5C00AB6719 /* Sources */,
				1612F49F16DC7C5C00AB6719 /* Frameworks */,
				1612F4A016DC7C5C00AB6719 /* CopyFiles */,
			);
			buildRules = (
			);
			dependencies = (
			);
			name = intAverage_Cplus;
			productName = intAverage_Cplus;
			productReference = 1612F4A216DC7C5C00AB6719 /* intAverage_Cplus */;
			productType = "com.apple.product-type.tool";
		};
/* End PBXNativeTarget section */

/* Begin PBXProject section */
		1612F49A16DC7C5C00AB6719 /* Project object */ = {
			isa = PBXProject;
			attributes = {
				LastUpgradeCheck = 0460;
				ORGANIZATIONNAME = "Jen de Gruchy";
			};
			buildConfigurationList = 1612F49D16DC7C5C00AB6719 /* Build configuration list for PBXProject "intAverage_Cplus" */;
			compatibilityVersion = "Xcode 3.2";
			developmentRegion = English;
			hasScannedForEncodings = 0;
			knownRegions = (
				en,
			);
			mainGroup = 1612F49916DC7C5C00AB6719;
			productRefGroup = 1612F4A316DC7C5C00AB6719 /* Products */;
			projectDirPath = "";
			projectRoot = "";
			targets = (
				1612F4A116DC7C5C00AB6719 /* intAverage_Cplus */,
			);
		};
/* End PBXProject section */

/* Begin PBXSourcesBuildPhase section */
		1612F49E16DC7C5C00AB6719 /* Sources */ = {
			isa = PBXSourcesBuildPhase;
			buildActionMask = 2147483647;
			files = (
				1612F4A616DC7C5C00AB6719 /* main.cpp in Sources */,
			);
			runOnlyForDeploymentPostprocessing = 0;
		};
/* End PBXSourcesBuildPhase section */

/* Begin XCBuildConfiguration section */
		1612F4A916DC7C5C00AB6719 /* Debug */ = {
			isa = XCBuildConfiguration;
			buildSettings = {
				ALWAYS_SEARCH_USER_PATHS = NO;
				ARCHS = "$(ARCHS_STANDARD_64_BIT)";
				CLANG_CXX_LANGUAGE_STANDARD = "gnu++0x";
				CLANG_CXX_LIBRARY = "libc++";
				CLANG_ENABLE_OBJC_ARC = YES;
				CLANG_WARN_CONSTANT_CONVERSION = YES;
				CLANG_WARN_EMPTY_BODY = YES;
				CLANG_WARN_ENUM_CONVERSION = YES;
				CLANG_WARN_INT_CONVERSION = YES;
				CLANG_WARN__DUPLICATE_METHOD_MATCH = YES;
				COPY_PHASE_STRIP = NO;
				GCC_C_LANGUAGE_STANDARD = gnu99;
				GCC_DYNAMIC_NO_PIC = NO;
				GCC_ENABLE_OBJC_EXCEPTIONS = YES;
				GCC_OPTIMIZATION_LEVEL = 0;
				GCC_PREPROCESSOR_DEFINITIONS = (
					"DEBUG=1",
					"$(inherited)",
				);
				GCC_SYMBOLS_PRIVATE_EXTERN = NO;
				GCC_WARN_64_TO_32_BIT_CONVERSION = YES;
				GCC_WARN_ABOUT_RETURN_TYPE = YES;
				GCC_WARN_UNINITIALIZED_AUTOS = YES;
				GCC_WARN_UNUSED_VARIABLE = YES;
				MACOSX_DEPLOYMENT_TARGET = 10.8;
				ONLY_ACTIVE_ARCH = YES;
				SDKROOT = macosx;
			};
			name = Debug;
		};
		1612F4AA16DC7C5C00AB6719 /* Release */ = {
			isa = XCBuildConfiguration;
			buildSettings = {
				ALWAYS_SEARCH_USER_PATHS = NO;
				ARCHS = "$(ARCHS_STANDARD_64_BIT)";
				CLANG_CXX_LANGUAGE_STANDARD = "gnu++0x";
				CLANG_CXX_LIBRARY = "libc++";
				CLANG_ENABLE_OBJC_ARC = YES;
				CLANG_WARN_CONSTANT_CONVERSION = YES;
				CLANG_WARN_EMPTY_BODY = YES;
				CLANG_WARN_ENUM_CONVERSION = YES;
				CLANG_WARN_INT_CONVERSION = YES;
				CLANG_WARN__DUPLICATE_METHOD_MATCH = YES;
				COPY_PHASE_STRIP = YES;
				DEBUG_INFORMATION_FORMAT = "dwarf-with-dsym";
				GCC_C_LANGUAGE_STANDARD = gnu99;
				GCC_ENABLE_OBJC_EXCEPTIONS = YES;
				GCC_WARN_64_TO_32_BIT_CONVERSION = YES;
				GCC_WARN_ABOUT_RETURN_TYPE = YES;
				GCC_WARN_UNINITIALIZED_AUTOS = YES;
				GCC_WARN_UNUSED_VARIABLE = YES;
				MACOSX_DEPLOYMENT_TARGET = 10.8;
				SDKROOT = macosx;
			};
			name = Release;
		};
		1612F4AC16DC7C5C00AB6719 /* Debug */ = {
			isa = XCBuildConfiguration;
			buildSettings = {
				PRODUCT_NAME = "$(TARGET_NAME)";
			};
			name = Debug;
		};
		1612F4AD16DC7C5C00AB6719 /* Release */ = {
			isa = XCBuildConfiguration;
			buildSettings = {
				PRODUCT_NAME = "$(TARGET_NAME)";
			};
			name = Release;
		};
/* End XCBuildConfiguration section */

/* Begin XCConfigurationList section */
		1612F49D16DC7C5C00AB6719 /* Build configuration list for PBXProject "intAverage_Cplus" */ = {
			isa = XCConfigurationList;
			buildConfigurations = (
				1612F4A916DC7C5C00AB6719 /* Debug */,
				1612F4AA16DC7C5C00AB6719 /* Release */,
			);
			defaultConfigurationIsVisible = 0;
			defaultConfigurationName = Release;
		};
		1612F4AB16DC7C5C00AB6719 /* Build configuration list for PBXNativeTarget "intAverage_Cplus" */ = {
			isa = XCConfigurationList;
			buildConfigurations = (
				1612F4AC16DC7C5C00AB6719 /* Debug */,
				1612F4AD16DC7C5C00AB6719 /* Release */,
			);
			defaultConfigurationIsVisible = 0;
		};
/* End XCConfigurationList section */
	};
	rootObject = 1612F49A16DC7C5C00AB6719 /* Project object */;
}
